
Microsoft Visual Studio Solution File, Format Version 12.00
# Visual Studio 2012
Project("{FAE04EC0-301F-11D3-BF4B-00C04F79EFBC}") = "TableStorage", "TableStorage\TableStorage.csproj", "{792E17F4-8417-41B9-B8D3-6E738CF6C6AF}"
EndProject
Global
	GlobalSection(SolutionConfigurationPlatforms) = preSolution
		Debug|Any CPU = Debug|Any CPU
		Release|Any CPU = Release|Any CPU
	EndGlobalSection
	GlobalSection(ProjectConfigurationPlatforms) = postSolution
		{792E17F4-8417-41B9-B8D3-6E738CF6C6AF}.Debug|Any CPU.ActiveCfg = Debug|Any CPU
		{792E17F4-8417-41B9-B8D3-6E738CF6C6AF}.Debug|Any CPU.Build.0 = Debug|Any CPU
		{792E17F4-8417-41B9-B8D3-6E738CF6C6AF}.Release|Any CPU.ActiveCfg = Release|Any CPU
		{792E17F4-8417-41B9-B8D3-6E738CF6C6AF}.Release|Any CPU.Build.0 = Release|Any CPU
	EndGlobalSection
	GlobalSection(SolutionProperties) = preSolution
		HideSolutionNode = FALSE
	EndGlobalSection
EndGlobal
